
Microsoft Visual Studio Solution File, Format Version 12.00
# Visual Studio Version 16
VisualStudioVersion = 16.0.29806.167
MinimumVisualStudioVersion = 10.0.40219.1
Project("{FAE04EC0-301F-11D3-BF4B-00C04F79EFBC}") = "FirstWCFService_037", "FirstWCFService_037\FirstWCFService_037.csproj", "{FDB86F08-DB8C-4092-BDA6-0B27BB1BEC41}"
EndProject
Global
	GlobalSection(SolutionConfigurationPlatforms) = preSolution
		Debug|Any CPU = Debug|Any CPU
		Release|Any CPU = Release|Any CPU
	EndGlobalSection
	GlobalSection(ProjectConfigurationPlatforms) = postSolution
		{FDB86F08-DB8C-4092-BDA6-0B27BB1BEC41}.Debug|Any CPU.ActiveCfg = Debug|Any CPU
		{FDB86F08-DB8C-4092-BDA6-0B27BB1BEC41}.Debug|Any CPU.Build.0 = Debug|Any CPU
		{FDB86F08-DB8C-4092-BDA6-0B27BB1BEC41}.Release|Any CPU.ActiveCfg = Release|Any CPU
		{FDB86F08-DB8C-4092-BDA6-0B27BB1BEC41}.Release|Any CPU.Build.0 = Release|Any CPU
	EndGlobalSection
	GlobalSection(SolutionProperties) = preSolution
		HideSolutionNode = FALSE
	EndGlobalSection
	GlobalSection(ExtensibilityGlobals) = postSolution
		SolutionGuid = {518EFD49-9A0D-4906-BD91-F7A3EB8149ED}
	EndGlobalSection
EndGlobal
